// !$*UTF8*$!
{
	archiveVersion = 1;
	classes = {
	};
	objectVersion = 50;
	objects = {

/* Begin PBXBuildFile section */
		6065CEBB2582C99A00B3A3C6 /* main.cpp in Sources */ = {isa = PBXBuildFile; fileRef = 6065CEBA2582C99A00B3A3C6 /* main.cpp */; };
		6065CECA2582CA7E00B3A3C6 /* libipopt.3.dylib in Frameworks */ = {isa = PBXBuildFile; fileRef = 6065CEC32582CA7E00B3A3C6 /* libipopt.3.dylib */; };
		6065CECB2582CA7E00B3A3C6 /* libipopt.3.dylib in Embed Libraries */ = {isa = PBXBuildFile; fileRef = 6065CEC32582CA7E00B3A3C6 /* libipopt.3.dylib */; settings = {ATTRIBUTES = (CodeSignOnCopy, ); }; };
		6065CECC2582CA7E00B3A3C6 /* libmumps_common.dylib in Frameworks */ = {isa = PBXBuildFile; fileRef = 6065CEC42582CA7E00B3A3C6 /* libmumps_common.dylib */; };
		6065CECD2582CA7E00B3A3C6 /* libmumps_common.dylib in Embed Libraries */ = {isa = PBXBuildFile; fileRef = 6065CEC42582CA7E00B3A3C6 /* libmumps_common.dylib */; settings = {ATTRIBUTES = (CodeSignOnCopy, ); }; };
		6065CECE2582CA7E00B3A3C6 /* libpord.dylib in Frameworks */ = {isa = PBXBuildFile; fileRef = 6065CEC52582CA7E00B3A3C6 /* libpord.dylib */; };
		6065CECF2582CA7E00B3A3C6 /* libpord.dylib in Embed Libraries */ = {isa = PBXBuildFile; fileRef = 6065CEC52582CA7E00B3A3C6 /* libpord.dylib */; settings = {ATTRIBUTES = (CodeSignOnCopy, ); }; };
		6065CED02582CA7E00B3A3C6 /* libdmumps.dylib in Frameworks */ = {isa = PBXBuildFile; fileRef = 6065CEC62582CA7E00B3A3C6 /* libdmumps.dylib */; };
		6065CED12582CA7E00B3A3C6 /* libdmumps.dylib in Embed Libraries */ = {isa = PBXBuildFile; fileRef = 6065CEC62582CA7E00B3A3C6 /* libdmumps.dylib */; settings = {ATTRIBUTES = (CodeSignOnCopy, ); }; };
		6065CED22582CA7E00B3A3C6 /* libmpiseq.dylib in Frameworks */ = {isa = PBXBuildFile; fileRef = 6065CEC72582CA7E00B3A3C6 /* libmpiseq.dylib */; };
		6065CED32582CA7E00B3A3C6 /* libmpiseq.dylib in Embed Libraries */ = {isa = PBXBuildFile; fileRef = 6065CEC72582CA7E00B3A3C6 /* libmpiseq.dylib */; settings = {ATTRIBUTES = (CodeSignOnCopy, ); }; };
		6065CED42582CA7E00B3A3C6 /* libsipopt.3.dylib in Frameworks */ = {isa = PBXBuildFile; fileRef = 6065CEC82582CA7E00B3A3C6 /* libsipopt.3.dylib */; };
		6065CED52582CA7E00B3A3C6 /* libsipopt.3.dylib in Embed Libraries */ = {isa = PBXBuildFile; fileRef = 6065CEC82582CA7E00B3A3C6 /* libsipopt.3.dylib */; settings = {ATTRIBUTES = (CodeSignOnCopy, ); }; };
		6065CED62582CA7E00B3A3C6 /* libipoptamplinterface.3.dylib in Frameworks */ = {isa = PBXBuildFile; fileRef = 6065CEC92582CA7E00B3A3C6 /* libipoptamplinterface.3.dylib */; };
		6065CED72582CA7E00B3A3C6 /* libipoptamplinterface.3.dylib in Embed Libraries */ = {isa = PBXBuildFile; fileRef = 6065CEC92582CA7E00B3A3C6 /* libipoptamplinterface.3.dylib */; settings = {ATTRIBUTES = (CodeSignOnCopy, ); }; };
		6065CEDA2582CA9B00B3A3C6 /* libcppad_lib.340.3.dylib in Frameworks */ = {isa = PBXBuildFile; fileRef = 6065CED92582CA9B00B3A3C6 /* libcppad_lib.340.3.dylib */; };
		6065CEDB2582CA9B00B3A3C6 /* libcppad_lib.340.3.dylib in Embed Libraries */ = {isa = PBXBuildFile; fileRef = 6065CED92582CA9B00B3A3C6 /* libcppad_lib.340.3.dylib */; settings = {ATTRIBUTES = (CodeSignOnCopy, ); }; };
		6065CEDE2582F62900B3A3C6 /* buildProblem.cpp in Sources */ = {isa = PBXBuildFile; fileRef = 6065CEDC2582F62900B3A3C6 /* buildProblem.cpp */; };
/* End PBXBuildFile section */

/* Begin PBXCopyFilesBuildPhase section */
		6065CEB52582C99A00B3A3C6 /* CopyFiles */ = {
			isa = PBXCopyFilesBuildPhase;
			buildActionMask = 2147483647;
			dstPath = /usr/share/man/man1/;
			dstSubfolderSpec = 0;
			files = (
			);
			runOnlyForDeploymentPostprocessing = 1;
		};
		6065CED82582CA7E00B3A3C6 /* Embed Libraries */ = {
			isa = PBXCopyFilesBuildPhase;
			buildActionMask = 2147483647;
			dstPath = "";
			dstSubfolderSpec = 10;
			files = (
				6065CECD2582CA7E00B3A3C6 /* libmumps_common.dylib in Embed Libraries */,
				6065CED72582CA7E00B3A3C6 /* libipoptamplinterface.3.dylib in Embed Libraries */,
				6065CECB2582CA7E00B3A3C6 /* libipopt.3.dylib in Embed Libraries */,
				6065CED12582CA7E00B3A3C6 /* libdmumps.dylib in Embed Libraries */,
				6065CED32582CA7E00B3A3C6 /* libmpiseq.dylib in Embed Libraries */,
				6065CEDB2582CA9B00B3A3C6 /* libcppad_lib.340.3.dylib in Embed Libraries */,
				6065CED52582CA7E00B3A3C6 /* libsipopt.3.dylib in Embed Libraries */,
				6065CECF2582CA7E00B3A3C6 /* libpord.dylib in Embed Libraries */,
			);
			name = "Embed Libraries";
			runOnlyForDeploymentPostprocessing = 0;
		};
/* End PBXCopyFilesBuildPhase section */

/* Begin PBXFileReference section */
		6065CEB72582C99A00B3A3C6 /* exampleNonlinearProgramming */ = {isa = PBXFileReference; explicitFileType = "compiled.mach-o.executable"; includeInIndex = 0; path = exampleNonlinearProgramming; sourceTree = BUILT_PRODUCTS_DIR; };
		6065CEBA2582C99A00B3A3C6 /* main.cpp */ = {isa = PBXFileReference; lastKnownFileType = sourcecode.cpp.cpp; path = main.cpp; sourceTree = "<group>"; };
		6065CEC32582CA7E00B3A3C6 /* libipopt.3.dylib */ = {isa = PBXFileReference; lastKnownFileType = "compiled.mach-o.dylib"; name = libipopt.3.dylib; path = ../../../../../../../usr/local/Cellar/ipopt/3.13.3_2/lib/libipopt.3.dylib; sourceTree = "<group>"; };
		6065CEC42582CA7E00B3A3C6 /* libmumps_common.dylib */ = {isa = PBXFileReference; lastKnownFileType = "compiled.mach-o.dylib"; name = libmumps_common.dylib; path = ../../../../../../../usr/local/Cellar/ipopt/3.13.3_2/lib/libmumps_common.dylib; sourceTree = "<group>"; };
		6065CEC52582CA7E00B3A3C6 /* libpord.dylib */ = {isa = PBXFileReference; lastKnownFileType = "compiled.mach-o.dylib"; name = libpord.dylib; path = ../../../../../../../usr/local/Cellar/ipopt/3.13.3_2/lib/libpord.dylib; sourceTree = "<group>"; };
		6065CEC62582CA7E00B3A3C6 /* libdmumps.dylib */ = {isa = PBXFileReference; lastKnownFileType = "compiled.mach-o.dylib"; name = libdmumps.dylib; path = ../../../../../../../usr/local/Cellar/ipopt/3.13.3_2/lib/libdmumps.dylib; sourceTree = "<group>"; };
		6065CEC72582CA7E00B3A3C6 /* libmpiseq.dylib */ = {isa = PBXFileReference; lastKnownFileType = "compiled.mach-o.dylib"; name = libmpiseq.dylib; path = ../../../../../../../usr/local/Cellar/ipopt/3.13.3_2/lib/libmpiseq.dylib; sourceTree = "<group>"; };
		6065CEC82582CA7E00B3A3C6 /* libsipopt.3.dylib */ = {isa = PBXFileReference; lastKnownFileType = "compiled.mach-o.dylib"; name = libsipopt.3.dylib; path = ../../../../../../../usr/local/Cellar/ipopt/3.13.3_2/lib/libsipopt.3.dylib; sourceTree = "<group>"; };
		6065CEC92582CA7E00B3A3C6 /* libipoptamplinterface.3.dylib */ = {isa = PBXFileReference; lastKnownFileType = "compiled.mach-o.dylib"; name = libipoptamplinterface.3.dylib; path = ../../../../../../../usr/local/Cellar/ipopt/3.13.3_2/lib/libipoptamplinterface.3.dylib; sourceTree = "<group>"; };
		6065CED92582CA9B00B3A3C6 /* libcppad_lib.340.3.dylib */ = {isa = PBXFileReference; lastKnownFileType = "compiled.mach-o.dylib"; name = libcppad_lib.340.3.dylib; path = ../../../../../../../usr/local/Cellar/cppad/20200000.3/lib/libcppad_lib.340.3.dylib; sourceTree = "<group>"; };
		6065CEDC2582F62900B3A3C6 /* buildProblem.cpp */ = {isa = PBXFileReference; lastKnownFileType = sourcecode.cpp.cpp; path = buildProblem.cpp; sourceTree = "<group>"; };
		6065CEDD2582F62900B3A3C6 /* buildProblem.hpp */ = {isa = PBXFileReference; lastKnownFileType = sourcecode.cpp.h; path = buildProblem.hpp; sourceTree = "<group>"; };
/* End PBXFileReference section */

/* Begin PBXFrameworksBuildPhase section */
		6065CEB42582C99A00B3A3C6 /* Frameworks */ = {
			isa = PBXFrameworksBuildPhase;
			buildActionMask = 2147483647;
			files = (
				6065CECC2582CA7E00B3A3C6 /* libmumps_common.dylib in Frameworks */,
				6065CED62582CA7E00B3A3C6 /* libipoptamplinterface.3.dylib in Frameworks */,
				6065CECA2582CA7E00B3A3C6 /* libipopt.3.dylib in Frameworks */,
				6065CED02582CA7E00B3A3C6 /* libdmumps.dylib in Frameworks */,
				6065CED22582CA7E00B3A3C6 /* libmpiseq.dylib in Frameworks */,
				6065CEDA2582CA9B00B3A3C6 /* libcppad_lib.340.3.dylib in Frameworks */,
				6065CED42582CA7E00B3A3C6 /* libsipopt.3.dylib in Frameworks */,
				6065CECE2582CA7E00B3A3C6 /* libpord.dylib in Frameworks */,
			);
			runOnlyForDeploymentPostprocessing = 0;
		};
/* End PBXFrameworksBuildPhase section */

/* Begin PBXGroup section */
		6065CEAE2582C99A00B3A3C6 = {
			isa = PBXGroup;
			children = (
				6065CEB92582C99A00B3A3C6 /* exampleNonlinearProgramming */,
				6065CEB82582C99A00B3A3C6 /* Products */,
				6065CEC22582CA7E00B3A3C6 /* Frameworks */,
			);
			sourceTree = "<group>";
		};
		6065CEB82582C99A00B3A3C6 /* Products */ = {
			isa = PBXGroup;
			children = (
				6065CEB72582C99A00B3A3C6 /* exampleNonlinearProgramming */,
			);
			name = Products;
			sourceTree = "<group>";
		};
		6065CEB92582C99A00B3A3C6 /* exampleNonlinearProgramming */ = {
			isa = PBXGroup;
			children = (
				6065CEBA2582C99A00B3A3C6 /* main.cpp */,
				6065CEDC2582F62900B3A3C6 /* buildProblem.cpp */,
				6065CEDD2582F62900B3A3C6 /* buildProblem.hpp */,
			);
			path = exampleNonlinearProgramming;
			sourceTree = "<group>";
		};
		6065CEC22582CA7E00B3A3C6 /* Frameworks */ = {
			isa = PBXGroup;
			children = (
				6065CED92582CA9B00B3A3C6 /* libcppad_lib.340.3.dylib */,
				6065CEC62582CA7E00B3A3C6 /* libdmumps.dylib */,
				6065CEC32582CA7E00B3A3C6 /* libipopt.3.dylib */,
				6065CEC92582CA7E00B3A3C6 /* libipoptamplinterface.3.dylib */,
				6065CEC72582CA7E00B3A3C6 /* libmpiseq.dylib */,
				6065CEC42582CA7E00B3A3C6 /* libmumps_common.dylib */,
				6065CEC52582CA7E00B3A3C6 /* libpord.dylib */,
				6065CEC82582CA7E00B3A3C6 /* libsipopt.3.dylib */,
			);
			name = Frameworks;
			sourceTree = "<group>";
		};
/* End PBXGroup section */

/* Begin PBXNativeTarget section */
		6065CEB62582C99A00B3A3C6 /* exampleNonlinearProgramming */ = {
			isa = PBXNativeTarget;
			buildConfigurationList = 6065CEBE2582C99A00B3A3C6 /* Build configuration list for PBXNativeTarget "exampleNonlinearProgramming" */;
			buildPhases = (
				6065CEB32582C99A00B3A3C6 /* Sources */,
				6065CEB42582C99A00B3A3C6 /* Frameworks */,
				6065CEB52582C99A00B3A3C6 /* CopyFiles */,
				6065CED82582CA7E00B3A3C6 /* Embed Libraries */,
			);
			buildRules = (
			);
			dependencies = (
			);
			name = exampleNonlinearProgramming;
			productName = exampleNonlinearProgramming;
			productReference = 6065CEB72582C99A00B3A3C6 /* exampleNonlinearProgramming */;
			productType = "com.apple.product-type.tool";
		};
/* End PBXNativeTarget section */

/* Begin PBXProject section */
		6065CEAF2582C99A00B3A3C6 /* Project object */ = {
			isa = PBXProject;
			attributes = {
				LastUpgradeCheck = 1220;
				TargetAttributes = {
					6065CEB62582C99A00B3A3C6 = {
						CreatedOnToolsVersion = 12.2;
					};
				};
			};
			buildConfigurationList = 6065CEB22582C99A00B3A3C6 /* Build configuration list for PBXProject "exampleNonlinearProgramming" */;
			compatibilityVersion = "Xcode 9.3";
			developmentRegion = en;
			hasScannedForEncodings = 0;
			knownRegions = (
				en,
				Base,
			);
			mainGroup = 6065CEAE2582C99A00B3A3C6;
			productRefGroup = 6065CEB82582C99A00B3A3C6 /* Products */;
			projectDirPath = "";
			projectRoot = "";
			targets = (
				6065CEB62582C99A00B3A3C6 /* exampleNonlinearProgramming */,
			);
		};
/* End PBXProject section */

/* Begin PBXSourcesBuildPhase section */
		6065CEB32582C99A00B3A3C6 /* Sources */ = {
			isa = PBXSourcesBuildPhase;
			buildActionMask = 2147483647;
			files = (
				6065CEDE2582F62900B3A3C6 /* buildProblem.cpp in Sources */,
				6065CEBB2582C99A00B3A3C6 /* main.cpp in Sources */,
			);
			runOnlyForDeploymentPostprocessing = 0;
		};
/* End PBXSourcesBuildPhase section */

/* Begin XCBuildConfiguration section */
		6065CEBC2582C99A00B3A3C6 /* Debug */ = {
			isa = XCBuildConfiguration;
			buildSettings = {
				ALWAYS_SEARCH_USER_PATHS = NO;
				CLANG_ANALYZER_NONNULL = YES;
				CLANG_ANALYZER_NUMBER_OBJECT_CONVERSION = YES_AGGRESSIVE;
				CLANG_CXX_LANGUAGE_STANDARD = "gnu++14";
				CLANG_CXX_LIBRARY = "libc++";
				CLANG_ENABLE_MODULES = YES;
				CLANG_ENABLE_OBJC_ARC = YES;
				CLANG_ENABLE_OBJC_WEAK = YES;
				CLANG_WARN_BLOCK_CAPTURE_AUTORELEASING = YES;
				CLANG_WARN_BOOL_CONVERSION = YES;
				CLANG_WARN_COMMA = YES;
				CLANG_WARN_CONSTANT_CONVERSION = YES;
				CLANG_WARN_DEPRECATED_OBJC_IMPLEMENTATIONS = YES;
				CLANG_WARN_DIRECT_OBJC_ISA_USAGE = YES_ERROR;
				CLANG_WARN_DOCUMENTATION_COMMENTS = YES;
				CLANG_WARN_EMPTY_BODY = YES;
				CLANG_WARN_ENUM_CONVERSION = YES;
				CLANG_WARN_INFINITE_RECURSION = YES;
				CLANG_WARN_INT_CONVERSION = YES;
				CLANG_WARN_NON_LITERAL_NULL_CONVERSION = YES;
				CLANG_WARN_OBJC_IMPLICIT_RETAIN_SELF = YES;
				CLANG_WARN_OBJC_LITERAL_CONVERSION = YES;
				CLANG_WARN_OBJC_ROOT_CLASS = YES_ERROR;
				CLANG_WARN_QUOTED_INCLUDE_IN_FRAMEWORK_HEADER = YES;
				CLANG_WARN_RANGE_LOOP_ANALYSIS = YES;
				CLANG_WARN_STRICT_PROTOTYPES = YES;
				CLANG_WARN_SUSPICIOUS_MOVE = YES;
				CLANG_WARN_UNGUARDED_AVAILABILITY = YES_AGGRESSIVE;
				CLANG_WARN_UNREACHABLE_CODE = YES;
				CLANG_WARN__DUPLICATE_METHOD_MATCH = YES;
				COPY_PHASE_STRIP = NO;
				DEBUG_INFORMATION_FORMAT = dwarf;
				ENABLE_STRICT_OBJC_MSGSEND = YES;
				ENABLE_TESTABILITY = YES;
				GCC_C_LANGUAGE_STANDARD = gnu11;
				GCC_DYNAMIC_NO_PIC = NO;
				GCC_NO_COMMON_BLOCKS = YES;
				GCC_OPTIMIZATION_LEVEL = 0;
				GCC_PREPROCESSOR_DEFINITIONS = (
					"DEBUG=1",
					"$(inherited)",
				);
				GCC_WARN_64_TO_32_BIT_CONVERSION = YES;
				GCC_WARN_ABOUT_RETURN_TYPE = YES_ERROR;
				GCC_WARN_UNDECLARED_SELECTOR = YES;
				GCC_WARN_UNINITIALIZED_AUTOS = YES_AGGRESSIVE;
				GCC_WARN_UNUSED_FUNCTION = YES;
				GCC_WARN_UNUSED_VARIABLE = YES;
				MACOSX_DEPLOYMENT_TARGET = 11.0;
				MTL_ENABLE_DEBUG_INFO = INCLUDE_SOURCE;
				MTL_FAST_MATH = YES;
				ONLY_ACTIVE_ARCH = YES;
				SDKROOT = macosx;
			};
			name = Debug;
		};
		6065CEBD2582C99A00B3A3C6 /* Release */ = {
			isa = XCBuildConfiguration;
			buildSettings = {
				ALWAYS_SEARCH_USER_PATHS = NO;
				CLANG_ANALYZER_NONNULL = YES;
				CLANG_ANALYZER_NUMBER_OBJECT_CONVERSION = YES_AGGRESSIVE;
				CLANG_CXX_LANGUAGE_STANDARD = "gnu++14";
				CLANG_CXX_LIBRARY = "libc++";
				CLANG_ENABLE_MODULES = YES;
				CLANG_ENABLE_OBJC_ARC = YES;
				CLANG_ENABLE_OBJC_WEAK = YES;
				CLANG_WARN_BLOCK_CAPTURE_AUTORELEASING = YES;
				CLANG_WARN_BOOL_CONVERSION = YES;
				CLANG_WARN_COMMA = YES;
				CLANG_WARN_CONSTANT_CONVERSION = YES;
				CLANG_WARN_DEPRECATED_OBJC_IMPLEMENTATIONS = YES;
				CLANG_WARN_DIRECT_OBJC_ISA_USAGE = YES_ERROR;
				CLANG_WARN_DOCUMENTATION_COMMENTS = YES;
				CLANG_WARN_EMPTY_BODY = YES;
				CLANG_WARN_ENUM_CONVERSION = YES;
				CLANG_WARN_INFINITE_RECURSION = YES;
				CLANG_WARN_INT_CONVERSION = YES;
				CLANG_WARN_NON_LITERAL_NULL_CONVERSION = YES;
				CLANG_WARN_OBJC_IMPLICIT_RETAIN_SELF = YES;
				CLANG_WARN_OBJC_LITERAL_CONVERSION = YES;
				CLANG_WARN_OBJC_ROOT_CLASS = YES_ERROR;
				CLANG_WARN_QUOTED_INCLUDE_IN_FRAMEWORK_HEADER = YES;
				CLANG_WARN_RANGE_LOOP_ANALYSIS = YES;
				CLANG_WARN_STRICT_PROTOTYPES = YES;
				CLANG_WARN_SUSPICIOUS_MOVE = YES;
				CLANG_WARN_UNGUARDED_AVAILABILITY = YES_AGGRESSIVE;
				CLANG_WARN_UNREACHABLE_CODE = YES;
				CLANG_WARN__DUPLICATE_METHOD_MATCH = YES;
				COPY_PHASE_STRIP = NO;
				DEBUG_INFORMATION_FORMAT = "dwarf-with-dsym";
				ENABLE_NS_ASSERTIONS = NO;
				ENABLE_STRICT_OBJC_MSGSEND = YES;
				GCC_C_LANGUAGE_STANDARD = gnu11;
				GCC_NO_COMMON_BLOCKS = YES;
				GCC_WARN_64_TO_32_BIT_CONVERSION = YES;
				GCC_WARN_ABOUT_RETURN_TYPE = YES_ERROR;
				GCC_WARN_UNDECLARED_SELECTOR = YES;
				GCC_WARN_UNINITIALIZED_AUTOS = YES_AGGRESSIVE;
				GCC_WARN_UNUSED_FUNCTION = YES;
				GCC_WARN_UNUSED_VARIABLE = YES;
				MACOSX_DEPLOYMENT_TARGET = 11.0;
				MTL_ENABLE_DEBUG_INFO = NO;
				MTL_FAST_MATH = YES;
				SDKROOT = macosx;
			};
			name = Release;
		};
		6065CEBF2582C99A00B3A3C6 /* Debug */ = {
			isa = XCBuildConfiguration;
			buildSettings = {
				CODE_SIGN_STYLE = Automatic;
				HEADER_SEARCH_PATHS = (
					/usr/local/Cellar/cppad/20200000.3/include/,
					"/Users/adbonzanini/Box\\ Sync/Berkeley/Research/Cpp-MPC/Cpp-Libraries/eigen-3.3.9/Eigen",
					/usr/local/Cellar/ipopt/3.13.3_2/include/,
				);
				LIBRARY_SEARCH_PATHS = (
					"$(inherited)",
					/usr/local/Cellar/ipopt/3.13.3_2/lib,
					/usr/local/Cellar/cppad/20200000.3/lib,
				);
				PRODUCT_NAME = "$(TARGET_NAME)";
			};
			name = Debug;
		};
		6065CEC02582C99A00B3A3C6 /* Release */ = {
			isa = XCBuildConfiguration;
			buildSettings = {
				CODE_SIGN_STYLE = Automatic;
				HEADER_SEARCH_PATHS = (
					/usr/local/Cellar/cppad/20200000.3/include/,
					"/Users/adbonzanini/Box\\ Sync/Berkeley/Research/Cpp-MPC/Cpp-Libraries/eigen-3.3.9/Eigen",
					/usr/local/Cellar/ipopt/3.13.3_2/include/,
				);
				LIBRARY_SEARCH_PATHS = (
					"$(inherited)",
					/usr/local/Cellar/ipopt/3.13.3_2/lib,
					/usr/local/Cellar/cppad/20200000.3/lib,
				);
				PRODUCT_NAME = "$(TARGET_NAME)";
			};
			name = Release;
		};
/* End XCBuildConfiguration section */

/* Begin XCConfigurationList section */
		6065CEB22582C99A00B3A3C6 /* Build configuration list for PBXProject "exampleNonlinearProgramming" */ = {
			isa = XCConfigurationList;
			buildConfigurations = (
				6065CEBC2582C99A00B3A3C6 /* Debug */,
				6065CEBD2582C99A00B3A3C6 /* Release */,
			);
			defaultConfigurationIsVisible = 0;
			defaultConfigurationName = Release;
		};
		6065CEBE2582C99A00B3A3C6 /* Build configuration list for PBXNativeTarget "exampleNonlinearProgramming" */ = {
			isa = XCConfigurationList;
			buildConfigurations = (
				6065CEBF2582C99A00B3A3C6 /* Debug */,
				6065CEC02582C99A00B3A3C6 /* Release */,
			);
			defaultConfigurationIsVisible = 0;
			defaultConfigurationName = Release;
		};
/* End XCConfigurationList section */
	};
	rootObject = 6065CEAF2582C99A00B3A3C6 /* Project object */;
}
